{
  "name": "muon-outreach",
  "version": "0.5.1",
  "lockfileVersion": 1,
  "requires": true,
  "dependencies": {
    "angular": {
      "version": "1.7.8",
      "resolved": "https://registry.npmjs.org/angular/-/angular-1.7.8.tgz",
      "integrity": "sha1-t37eJyzhsmHjvjDBRRoLNGkFo8k=",
      "dev": true
    },
    "c3": {
      "version": "0.4.23",
      "resolved": "https://registry.npmjs.org/c3/-/c3-0.4.23.tgz",
      "integrity": "sha1-MuzhNdCsbRJBh75caTWQNplkMAI=",
      "dev": true,
      "requires": {
        "d3": "~3.5.0"
      }
    },
    "chartist": {
      "version": "0.11.0",
      "resolved": "https://registry.npmjs.org/chartist/-/chartist-0.11.0.tgz",
      "integrity": "sha1-hLpeBUkNCW2T3PqTQ+vDHvajvSg=",
      "dev": true
    },
    "d3": {
      "version": "3.5.17",
      "resolved": "https://registry.npmjs.org/d3/-/d3-3.5.17.tgz",
      "integrity": "sha1-vEZ0gAQ3iyGjYMn8fPUjF5B2L7g=",
      "dev": true
    },
    "decode-uri-component": {
      "version": "0.2.0",
      "resolved": "https://registry.npmjs.org/decode-uri-component/-/decode-uri-component-0.2.0.tgz",
      "integrity": "sha1-6zkTMzRYd1y4TNGh+uBiEGu4dUU=",
      "dev": true
    },
    "jquery": {
      "version": "3.4.1",
      "resolved": "https://registry.npmjs.org/jquery/-/jquery-3.4.1.tgz",
      "integrity": "sha1-cU8fjZ3eS9+lV2S6N+8hRjDYDvI=",
      "dev": true
    },
    "numeric": {
      "version": "1.2.6",
      "resolved": "https://registry.npmjs.org/numeric/-/numeric-1.2.6.tgz",
      "integrity": "sha1-dlsCvvl5iPz4gNTrPza4D6MTNao=",
      "dev": true
    },
    "query-string": {
      "version": "6.5.0",
      "resolved": "https://registry.npmjs.org/query-string/-/query-string-6.5.0.tgz",
      "integrity": "sha1-LhpwElrwH28EVzaS0CwJMCodi/w=",
      "dev": true,
      "requires": {
        "decode-uri-component": "^0.2.0",
        "split-on-first": "^1.0.0",
        "strict-uri-encode": "^2.0.0"
      }
    },
    "split-on-first": {
      "version": "1.1.0",
      "resolved": "https://registry.npmjs.org/split-on-first/-/split-on-first-1.1.0.tgz",
      "integrity": "sha1-9hCv7uOxK84dDDBCXnY5i3gkml8=",
      "dev": true
    },
    "strict-uri-encode": {
      "version": "2.0.0",
      "resolved": "https://registry.npmjs.org/strict-uri-encode/-/strict-uri-encode-2.0.0.tgz",
      "integrity": "sha1-ucczDHBChi9rFC3CdLvMWGbONUY=",
      "dev": true
    }
  }
}
